
Microsoft Visual Studio Solution File, Format Version 12.00
# Visual Studio Version 17
VisualStudioVersion = 17.0.31903.59
MinimumVisualStudioVersion = 10.0.40219.1
Project("{8BC9CEB8-8B4A-11D0-8D11-00A0C91BC942}") = "VirtoolsNMOLoader", "VirtoolsNMOLoader\VirtoolsNMOLoader.vcxproj", "{CFBED361-8CB3-4865-8C66-462B33754E21}"
EndProject
Project("{8BC9CEB8-8B4A-11D0-8D11-00A0C91BC942}") = "StandaloneApplication", "StandaloneApplication\StandaloneApplication.vcxproj", "{6A110CCD-73C8-4AA5-B29D-CCC554914D88}"
	ProjectSection(ProjectDependencies) = postProject
		{CFBED361-8CB3-4865-8C66-462B33754E21} = {CFBED361-8CB3-4865-8C66-462B33754E21}
	EndProjectSection
EndProject
Global
	GlobalSection(SolutionConfigurationPlatforms) = preSolution
		Debug|x64 = Debug|x64
		Debug|x86 = Debug|x86
		Release|x64 = Release|x64
		Release|x86 = Release|x86
	EndGlobalSection
	GlobalSection(ProjectConfigurationPlatforms) = postSolution
		{CFBED361-8CB3-4865-8C66-462B33754E21}.Debug|x64.ActiveCfg = Debug|x64
		{CFBED361-8CB3-4865-8C66-462B33754E21}.Debug|x64.Build.0 = Debug|x64
		{CFBED361-8CB3-4865-8C66-462B33754E21}.Debug|x86.ActiveCfg = Debug|Win32
		{CFBED361-8CB3-4865-8C66-462B33754E21}.Debug|x86.Build.0 = Debug|Win32
		{CFBED361-8CB3-4865-8C66-462B33754E21}.Release|x64.ActiveCfg = Release|x64
		{CFBED361-8CB3-4865-8C66-462B33754E21}.Release|x64.Build.0 = Release|x64
		{CFBED361-8CB3-4865-8C66-462B33754E21}.Release|x86.ActiveCfg = Release|Win32
		{CFBED361-8CB3-4865-8C66-462B33754E21}.Release|x86.Build.0 = Release|Win32
		{6A110CCD-73C8-4AA5-B29D-CCC554914D88}.Debug|x64.ActiveCfg = Debug|x64
		{6A110CCD-73C8-4AA5-B29D-CCC554914D88}.Debug|x64.Build.0 = Debug|x64
		{6A110CCD-73C8-4AA5-B29D-CCC554914D88}.Debug|x86.ActiveCfg = Debug|Win32
		{6A110CCD-73C8-4AA5-B29D-CCC554914D88}.Debug|x86.Build.0 = Debug|Win32
		{6A110CCD-73C8-4AA5-B29D-CCC554914D88}.Release|x64.ActiveCfg = Release|x64
		{6A110CCD-73C8-4AA5-B29D-CCC554914D88}.Release|x64.Build.0 = Release|x64
		{6A110CCD-73C8-4AA5-B29D-CCC554914D88}.Release|x86.ActiveCfg = Release|Win32
		{6A110CCD-73C8-4AA5-B29D-CCC554914D88}.Release|x86.Build.0 = Release|Win32
	EndGlobalSection
	GlobalSection(SolutionProperties) = preSolution
		HideSolutionNode = FALSE
	EndGlobalSection
	GlobalSection(ExtensibilityGlobals) = postSolution
		SolutionGuid = {18BE54E2-3313-484B-8A01-BE5E21292DF4}
	EndGlobalSection
EndGlobal
